
Microsoft Visual Studio Solution File, Format Version 12.00
# Visual Studio Version 17
VisualStudioVersion = 17.9.34723.18
MinimumVisualStudioVersion = 10.0.40219.1
Project("{FAE04EC0-301F-11D3-BF4B-00C04F79EFBC}") = "Api_clientes", "Api_clientes\Api_clientes.csproj", "{9592FD5A-0178-4C43-97D9-2DDD5F56C0C0}"
EndProject
Global
	GlobalSection(SolutionConfigurationPlatforms) = preSolution
		Debug|Any CPU = Debug|Any CPU
		Release|Any CPU = Release|Any CPU
	EndGlobalSection
	GlobalSection(ProjectConfigurationPlatforms) = postSolution
		{9592FD5A-0178-4C43-97D9-2DDD5F56C0C0}.Debug|Any CPU.ActiveCfg = Debug|Any CPU
		{9592FD5A-0178-4C43-97D9-2DDD5F56C0C0}.Debug|Any CPU.Build.0 = Debug|Any CPU
		{9592FD5A-0178-4C43-97D9-2DDD5F56C0C0}.Release|Any CPU.ActiveCfg = Release|Any CPU
		{9592FD5A-0178-4C43-97D9-2DDD5F56C0C0}.Release|Any CPU.Build.0 = Release|Any CPU
	EndGlobalSection
	GlobalSection(SolutionProperties) = preSolution
		HideSolutionNode = FALSE
	EndGlobalSection
	GlobalSection(ExtensibilityGlobals) = postSolution
		SolutionGuid = {09FFF9C9-6159-4D6A-A90B-B90E2F8721ED}
	EndGlobalSection
EndGlobal
